// !$*UTF8*$!
{
	archiveVersion = 1;
	classes = {
	};
	objectVersion = 56;
	objects = {

/* Begin PBXBuildFile section */
		19EFD5108AFC670039867E0A /* Pods_Instagram.framework in Frameworks */ = {isa = PBXBuildFile; fileRef = 1A7A3DE9E93ABFDD74E1703E /* Pods_Instagram.framework */; };
		8EBCDDCEA7CDCAB32668256B /* Pods_Instagram_InstagramUITests.framework in Frameworks */ = {isa = PBXBuildFile; fileRef = E09B5EF0EB65C21D67018765 /* Pods_Instagram_InstagramUITests.framework */; };
		CF0D8D1C28F53646006E5E9E /* AppDelegate.swift in Sources */ = {isa = PBXBuildFile; fileRef = CF0D8D1B28F53646006E5E9E /* AppDelegate.swift */; };
		CF0D8D1E28F53646006E5E9E /* SceneDelegate.swift in Sources */ = {isa = PBXBuildFile; fileRef = CF0D8D1D28F53646006E5E9E /* SceneDelegate.swift */; };
		CF0D8D2328F53646006E5E9E /* Main.storyboard in Resources */ = {isa = PBXBuildFile; fileRef = CF0D8D2128F53646006E5E9E /* Main.storyboard */; };
		CF0D8D2528F53646006E5E9E /* Assets.xcassets in Resources */ = {isa = PBXBuildFile; fileRef = CF0D8D2428F53646006E5E9E /* Assets.xcassets */; };
		CF0D8D2828F53646006E5E9E /* LaunchScreen.storyboard in Resources */ = {isa = PBXBuildFile; fileRef = CF0D8D2628F53646006E5E9E /* LaunchScreen.storyboard */; };
		CF0D8D3328F53647006E5E9E /* InstagramTests.swift in Sources */ = {isa = PBXBuildFile; fileRef = CF0D8D3228F53647006E5E9E /* InstagramTests.swift */; };
		CF0D8D3D28F53647006E5E9E /* InstagramUITests.swift in Sources */ = {isa = PBXBuildFile; fileRef = CF0D8D3C28F53647006E5E9E /* InstagramUITests.swift */; };
		CF0D8D3F28F53647006E5E9E /* InstagramUITestsLaunchTests.swift in Sources */ = {isa = PBXBuildFile; fileRef = CF0D8D3E28F53647006E5E9E /* InstagramUITestsLaunchTests.swift */; };
		CF3839EB28FE69A50097FA7B /* CommentCell.swift in Sources */ = {isa = PBXBuildFile; fileRef = CF3839EA28FE69A50097FA7B /* CommentCell.swift */; };
		CF55BAAB28FE7D32009E8A64 /* AlamofireImage in Frameworks */ = {isa = PBXBuildFile; productRef = CF55BAAA28FE7D32009E8A64 /* AlamofireImage */; };
		CFB9C23428F76172001C15F5 /* LoginViewController.swift in Sources */ = {isa = PBXBuildFile; fileRef = CFB9C23328F76172001C15F5 /* LoginViewController.swift */; };
		CFB9C23628F7618E001C15F5 /* FeedViewController.swift in Sources */ = {isa = PBXBuildFile; fileRef = CFB9C23528F7618E001C15F5 /* FeedViewController.swift */; };
		CFB9C23828F7D759001C15F5 /* CameraViewController.swift in Sources */ = {isa = PBXBuildFile; fileRef = CFB9C23728F7D759001C15F5 /* CameraViewController.swift */; };
		CFB9C23A28F7F3CC001C15F5 /* PostCell.swift in Sources */ = {isa = PBXBuildFile; fileRef = CFB9C23928F7F3CC001C15F5 /* PostCell.swift */; };
		DC2CFC78C2684B3E56AE2556 /* Pods_InstagramTests.framework in Frameworks */ = {isa = PBXBuildFile; fileRef = 9506C1F64ED642736664BA14 /* Pods_InstagramTests.framework */; };
/* End PBXBuildFile section */

/* Begin PBXContainerItemProxy section */
		CF0D8D2F28F53647006E5E9E /* PBXContainerItemProxy */ = {
			isa = PBXContainerItemProxy;
			containerPortal = CF0D8D1028F53646006E5E9E /* Project object */;
			proxyType = 1;
			remoteGlobalIDString = CF0D8D1728F53646006E5E9E;
			remoteInfo = Instagram;
		};
		CF0D8D3928F53647006E5E9E /* PBXContainerItemProxy */ = {
			isa = PBXContainerItemProxy;
			containerPortal = CF0D8D1028F53646006E5E9E /* Project object */;
			proxyType = 1;
			remoteGlobalIDString = CF0D8D1728F53646006E5E9E;
			remoteInfo = Instagram;
		};
/* End PBXContainerItemProxy section */

/* Begin PBXFileReference section */
		1A7A3DE9E93ABFDD74E1703E /* Pods_Instagram.framework */ = {isa = PBXFileReference; explicitFileType = wrapper.framework; includeInIndex = 0; path = Pods_Instagram.framework; sourceTree = BUILT_PRODUCTS_DIR; };
		3EB95CEDFD261354B5CC6B39 /* Pods-InstagramTests.release.xcconfig */ = {isa = PBXFileReference; includeInIndex = 1; lastKnownFileType = text.xcconfig; name = "Pods-InstagramTests.release.xcconfig"; path = "Target Support Files/Pods-InstagramTests/Pods-InstagramTests.release.xcconfig"; sourceTree = "<group>"; };
		5AEADF29B25AF64A6717D5D6 /* Pods-Instagram-InstagramUITests.release.xcconfig */ = {isa = PBXFileReference; includeInIndex = 1; lastKnownFileType = text.xcconfig; name = "Pods-Instagram-InstagramUITests.release.xcconfig"; path = "Target Support Files/Pods-Instagram-InstagramUITests/Pods-Instagram-InstagramUITests.release.xcconfig"; sourceTree = "<group>"; };
		633936DAEC13FD0762B31E76 /* Pods-Instagram-InstagramUITests.debug.xcconfig */ = {isa = PBXFileReference; includeInIndex = 1; lastKnownFileType = text.xcconfig; name = "Pods-Instagram-InstagramUITests.debug.xcconfig"; path = "Target Support Files/Pods-Instagram-InstagramUITests/Pods-Instagram-InstagramUITests.debug.xcconfig"; sourceTree = "<group>"; };
		9506C1F64ED642736664BA14 /* Pods_InstagramTests.framework */ = {isa = PBXFileReference; explicitFileType = wrapper.framework; includeInIndex = 0; path = Pods_InstagramTests.framework; sourceTree = BUILT_PRODUCTS_DIR; };
		A96B392808682CB217C7D536 /* Pods-Instagram.release.xcconfig */ = {isa = PBXFileReference; includeInIndex = 1; lastKnownFileType = text.xcconfig; name = "Pods-Instagram.release.xcconfig"; path = "Target Support Files/Pods-Instagram/Pods-Instagram.release.xcconfig"; sourceTree = "<group>"; };
		B3DFB1CFD4BFBECB2AF0EF0F /* Pods-InstagramTests.debug.xcconfig */ = {isa = PBXFileReference; includeInIndex = 1; lastKnownFileType = text.xcconfig; name = "Pods-InstagramTests.debug.xcconfig"; path = "Target Support Files/Pods-InstagramTests/Pods-InstagramTests.debug.xcconfig"; sourceTree = "<group>"; };
		C12CA3A0DD6222446A8B9DA9 /* Pods-Instagram.debug.xcconfig */ = {isa = PBXFileReference; includeInIndex = 1; lastKnownFileType = text.xcconfig; name = "Pods-Instagram.debug.xcconfig"; path = "Target Support Files/Pods-Instagram/Pods-Instagram.debug.xcconfig"; sourceTree = "<group>"; };
		CF0D8D1828F53646006E5E9E /* Instagram.app */ = {isa = PBXFileReference; explicitFileType = wrapper.application; includeInIndex = 0; path = Instagram.app; sourceTree = BUILT_PRODUCTS_DIR; };
		CF0D8D1B28F53646006E5E9E /* AppDelegate.swift */ = {isa = PBXFileReference; lastKnownFileType = sourcecode.swift; path = AppDelegate.swift; sourceTree = "<group>"; };
		CF0D8D1D28F53646006E5E9E /* SceneDelegate.swift */ = {isa = PBXFileReference; lastKnownFileType = sourcecode.swift; path = SceneDelegate.swift; sourceTree = "<group>"; };
		CF0D8D2228F53646006E5E9E /* Base */ = {isa = PBXFileReference; lastKnownFileType = file.storyboard; name = Base; path = Base.lproj/Main.storyboard; sourceTree = "<group>"; };
		CF0D8D2428F53646006E5E9E /* Assets.xcassets */ = {isa = PBXFileReference; lastKnownFileType = folder.assetcatalog; path = Assets.xcassets; sourceTree = "<group>"; };
		CF0D8D2728F53646006E5E9E /* Base */ = {isa = PBXFileReference; lastKnownFileType = file.storyboard; name = Base; path = Base.lproj/LaunchScreen.storyboard; sourceTree = "<group>"; };
		CF0D8D2928F53646006E5E9E /* Info.plist */ = {isa = PBXFileReference; lastKnownFileType = text.plist.xml; path = Info.plist; sourceTree = "<group>"; };
		CF0D8D2E28F53647006E5E9E /* InstagramTests.xctest */ = {isa = PBXFileReference; explicitFileType = wrapper.cfbundle; includeInIndex = 0; path = InstagramTests.xctest; sourceTree = BUILT_PRODUCTS_DIR; };
		CF0D8D3228F53647006E5E9E /* InstagramTests.swift */ = {isa = PBXFileReference; lastKnownFileType = sourcecode.swift; path = InstagramTests.swift; sourceTree = "<group>"; };
		CF0D8D3828F53647006E5E9E /* InstagramUITests.xctest */ = {isa = PBXFileReference; explicitFileType = wrapper.cfbundle; includeInIndex = 0; path = InstagramUITests.xctest; sourceTree = BUILT_PRODUCTS_DIR; };
		CF0D8D3C28F53647006E5E9E /* InstagramUITests.swift */ = {isa = PBXFileReference; lastKnownFileType = sourcecode.swift; path = InstagramUITests.swift; sourceTree = "<group>"; };
		CF0D8D3E28F53647006E5E9E /* InstagramUITestsLaunchTests.swift */ = {isa = PBXFileReference; lastKnownFileType = sourcecode.swift; path = InstagramUITestsLaunchTests.swift; sourceTree = "<group>"; };
		CF3839EA28FE69A50097FA7B /* CommentCell.swift */ = {isa = PBXFileReference; lastKnownFileType = sourcecode.swift; path = CommentCell.swift; sourceTree = "<group>"; };
		CFB9C23328F76172001C15F5 /* LoginViewController.swift */ = {isa = PBXFileReference; lastKnownFileType = sourcecode.swift; path = LoginViewController.swift; sourceTree = "<group>"; };
		CFB9C23528F7618E001C15F5 /* FeedViewController.swift */ = {isa = PBXFileReference; lastKnownFileType = sourcecode.swift; path = FeedViewController.swift; sourceTree = "<group>"; };
		CFB9C23728F7D759001C15F5 /* CameraViewController.swift */ = {isa = PBXFileReference; lastKnownFileType = sourcecode.swift; path = CameraViewController.swift; sourceTree = "<group>"; };
		CFB9C23928F7F3CC001C15F5 /* PostCell.swift */ = {isa = PBXFileReference; lastKnownFileType = sourcecode.swift; path = PostCell.swift; sourceTree = "<group>"; };
		E09B5EF0EB65C21D67018765 /* Pods_Instagram_InstagramUITests.framework */ = {isa = PBXFileReference; explicitFileType = wrapper.framework; includeInIndex = 0; path = Pods_Instagram_InstagramUITests.framework; sourceTree = BUILT_PRODUCTS_DIR; };
/* End PBXFileReference section */

/* Begin PBXFrameworksBuildPhase section */
		CF0D8D1528F53646006E5E9E /* Frameworks */ = {
			isa = PBXFrameworksBuildPhase;
			buildActionMask = 2147483647;
			files = (
				19EFD5108AFC670039867E0A /* Pods_Instagram.framework in Frameworks */,
				CF55BAAB28FE7D32009E8A64 /* AlamofireImage in Frameworks */,
			);
			runOnlyForDeploymentPostprocessing = 0;
		};
		CF0D8D2B28F53647006E5E9E /* Frameworks */ = {
			isa = PBXFrameworksBuildPhase;
			buildActionMask = 2147483647;
			files = (
				DC2CFC78C2684B3E56AE2556 /* Pods_InstagramTests.framework in Frameworks */,
			);
			runOnlyForDeploymentPostprocessing = 0;
		};
		CF0D8D3528F53647006E5E9E /* Frameworks */ = {
			isa = PBXFrameworksBuildPhase;
			buildActionMask = 2147483647;
			files = (
				8EBCDDCEA7CDCAB32668256B /* Pods_Instagram_InstagramUITests.framework in Frameworks */,
			);
			runOnlyForDeploymentPostprocessing = 0;
		};
/* End PBXFrameworksBuildPhase section */

/* Begin PBXGroup section */
		6497C863EF98D097F3BD0116 /* Pods */ = {
			isa = PBXGroup;
			children = (
				C12CA3A0DD6222446A8B9DA9 /* Pods-Instagram.debug.xcconfig */,
				A96B392808682CB217C7D536 /* Pods-Instagram.release.xcconfig */,
				633936DAEC13FD0762B31E76 /* Pods-Instagram-InstagramUITests.debug.xcconfig */,
				5AEADF29B25AF64A6717D5D6 /* Pods-Instagram-InstagramUITests.release.xcconfig */,
				B3DFB1CFD4BFBECB2AF0EF0F /* Pods-InstagramTests.debug.xcconfig */,
				3EB95CEDFD261354B5CC6B39 /* Pods-InstagramTests.release.xcconfig */,
			);
			path = Pods;
			sourceTree = "<group>";
		};
		7D341DC6A4C4E8A78803B640 /* Frameworks */ = {
			isa = PBXGroup;
			children = (
				1A7A3DE9E93ABFDD74E1703E /* Pods_Instagram.framework */,
				E09B5EF0EB65C21D67018765 /* Pods_Instagram_InstagramUITests.framework */,
				9506C1F64ED642736664BA14 /* Pods_InstagramTests.framework */,
			);
			name = Frameworks;
			sourceTree = "<group>";
		};
		CF0D8D0F28F53646006E5E9E = {
			isa = PBXGroup;
			children = (
				CF0D8D1A28F53646006E5E9E /* Instagram */,
				CF0D8D3128F53647006E5E9E /* InstagramTests */,
				CF0D8D3B28F53647006E5E9E /* InstagramUITests */,
				CF0D8D1928F53646006E5E9E /* Products */,
				6497C863EF98D097F3BD0116 /* Pods */,
				7D341DC6A4C4E8A78803B640 /* Frameworks */,
			);
			sourceTree = "<group>";
		};
		CF0D8D1928F53646006E5E9E /* Products */ = {
			isa = PBXGroup;
			children = (
				CF0D8D1828F53646006E5E9E /* Instagram.app */,
				CF0D8D2E28F53647006E5E9E /* InstagramTests.xctest */,
				CF0D8D3828F53647006E5E9E /* InstagramUITests.xctest */,
			);
			name = Products;
			sourceTree = "<group>";
		};
		CF0D8D1A28F53646006E5E9E /* Instagram */ = {
			isa = PBXGroup;
			children = (
				CF0D8D1B28F53646006E5E9E /* AppDelegate.swift */,
				CF0D8D1D28F53646006E5E9E /* SceneDelegate.swift */,
				CF0D8D2128F53646006E5E9E /* Main.storyboard */,
				CF0D8D2428F53646006E5E9E /* Assets.xcassets */,
				CF0D8D2628F53646006E5E9E /* LaunchScreen.storyboard */,
				CF0D8D2928F53646006E5E9E /* Info.plist */,
				CFB9C23328F76172001C15F5 /* LoginViewController.swift */,
				CFB9C23528F7618E001C15F5 /* FeedViewController.swift */,
				CFB9C23728F7D759001C15F5 /* CameraViewController.swift */,
				CFB9C23928F7F3CC001C15F5 /* PostCell.swift */,
				CF3839EA28FE69A50097FA7B /* CommentCell.swift */,
			);
			path = Instagram;
			sourceTree = "<group>";
		};
		CF0D8D3128F53647006E5E9E /* InstagramTests */ = {
			isa = PBXGroup;
			children = (
				CF0D8D3228F53647006E5E9E /* InstagramTests.swift */,
			);
			path = InstagramTests;
			sourceTree = "<group>";
		};
		CF0D8D3B28F53647006E5E9E /* InstagramUITests */ = {
			isa = PBXGroup;
			children = (
				CF0D8D3C28F53647006E5E9E /* InstagramUITests.swift */,
				CF0D8D3E28F53647006E5E9E /* InstagramUITestsLaunchTests.swift */,
			);
			path = InstagramUITests;
			sourceTree = "<group>";
		};
/* End PBXGroup section */

/* Begin PBXNativeTarget section */
		CF0D8D1728F53646006E5E9E /* Instagram */ = {
			isa = PBXNativeTarget;
			buildConfigurationList = CF0D8D4228F53647006E5E9E /* Build configuration list for PBXNativeTarget "Instagram" */;
			buildPhases = (
				22E1B6AEC203829D9C376855 /* [CP] Check Pods Manifest.lock */,
				CF0D8D1428F53646006E5E9E /* Sources */,
				CF0D8D1528F53646006E5E9E /* Frameworks */,
				CF0D8D1628F53646006E5E9E /* Resources */,
				0BDEF8DA5CB3216852BD0751 /* [CP] Embed Pods Frameworks */,
			);
			buildRules = (
			);
			dependencies = (
			);
			name = Instagram;
			packageProductDependencies = (
				CF55BAAA28FE7D32009E8A64 /* AlamofireImage */,
			);
			productName = Instagram;
			productReference = CF0D8D1828F53646006E5E9E /* Instagram.app */;
			productType = "com.apple.product-type.application";
		};
		CF0D8D2D28F53647006E5E9E /* InstagramTests */ = {
			isa = PBXNativeTarget;
			buildConfigurationList = CF0D8D4528F53647006E5E9E /* Build configuration list for PBXNativeTarget "InstagramTests" */;
			buildPhases = (
				1D54D5F787FF9824E9964627 /* [CP] Check Pods Manifest.lock */,
				CF0D8D2A28F53647006E5E9E /* Sources */,
				CF0D8D2B28F53647006E5E9E /* Frameworks */,
				CF0D8D2C28F53647006E5E9E /* Resources */,
			);
			buildRules = (
			);
			dependencies = (
				CF0D8D3028F53647006E5E9E /* PBXTargetDependency */,
			);
			name = InstagramTests;
			productName = InstagramTests;
			productReference = CF0D8D2E28F53647006E5E9E /* InstagramTests.xctest */;
			productType = "com.apple.product-type.bundle.unit-test";
		};
		CF0D8D3728F53647006E5E9E /* InstagramUITests */ = {
			isa = PBXNativeTarget;
			buildConfigurationList = CF0D8D4828F53647006E5E9E /* Build configuration list for PBXNativeTarget "InstagramUITests" */;
			buildPhases = (
				F737375A10EE71AC1049474E /* [CP] Check Pods Manifest.lock */,
				CF0D8D3428F53647006E5E9E /* Sources */,
				CF0D8D3528F53647006E5E9E /* Frameworks */,
				CF0D8D3628F53647006E5E9E /* Resources */,
				DBF39AE93005A541131FA8FF /* [CP] Embed Pods Frameworks */,
			);
			buildRules = (
			);
			dependencies = (
				CF0D8D3A28F53647006E5E9E /* PBXTargetDependency */,
			);
			name = InstagramUITests;
			productName = InstagramUITests;
			productReference = CF0D8D3828F53647006E5E9E /* InstagramUITests.xctest */;
			productType = "com.apple.product-type.bundle.ui-testing";
		};
/* End PBXNativeTarget section */

/* Begin PBXProject section */
		CF0D8D1028F53646006E5E9E /* Project object */ = {
			isa = PBXProject;
			attributes = {
				BuildIndependentTargetsInParallel = 1;
				LastSwiftUpdateCheck = 1400;
				LastUpgradeCheck = 1400;
				TargetAttributes = {
					CF0D8D1728F53646006E5E9E = {
						CreatedOnToolsVersion = 14.0.1;
					};
					CF0D8D2D28F53647006E5E9E = {
						CreatedOnToolsVersion = 14.0.1;
						TestTargetID = CF0D8D1728F53646006E5E9E;
					};
					CF0D8D3728F53647006E5E9E = {
						CreatedOnToolsVersion = 14.0.1;
						TestTargetID = CF0D8D1728F53646006E5E9E;
					};
				};
			};
			buildConfigurationList = CF0D8D1328F53646006E5E9E /* Build configuration list for PBXProject "Instagram" */;
			compatibilityVersion = "Xcode 14.0";
			developmentRegion = en;
			hasScannedForEncodings = 0;
			knownRegions = (
				en,
				Base,
			);
			mainGroup = CF0D8D0F28F53646006E5E9E;
			packageReferences = (
				CF55BAA928FE7D32009E8A64 /* XCRemoteSwiftPackageReference "AlamofireImage" */,
			);
			productRefGroup = CF0D8D1928F53646006E5E9E /* Products */;
			projectDirPath = "";
			projectRoot = "";
			targets = (
				CF0D8D1728F53646006E5E9E /* Instagram */,
				CF0D8D2D28F53647006E5E9E /* InstagramTests */,
				CF0D8D3728F53647006E5E9E /* InstagramUITests */,
			);
		};
/* End PBXProject section */

/* Begin PBXResourcesBuildPhase section */
		CF0D8D1628F53646006E5E9E /* Resources */ = {
			isa = PBXResourcesBuildPhase;
			buildActionMask = 2147483647;
			files = (
				CF0D8D2828F53646006E5E9E /* LaunchScreen.storyboard in Resources */,
				CF0D8D2528F53646006E5E9E /* Assets.xcassets in Resources */,
				CF0D8D2328F53646006E5E9E /* Main.storyboard in Resources */,
			);
			runOnlyForDeploymentPostprocessing = 0;
		};
		CF0D8D2C28F53647006E5E9E /* Resources */ = {
			isa = PBXResourcesBuildPhase;
			buildActionMask = 2147483647;
			files = (
			);
			runOnlyForDeploymentPostprocessing = 0;
		};
		CF0D8D3628F53647006E5E9E /* Resources */ = {
			isa = PBXResourcesBuildPhase;
			buildActionMask = 2147483647;
			files = (
			);
			runOnlyForDeploymentPostprocessing = 0;
		};
/* End PBXResourcesBuildPhase section */

/* Begin PBXShellScriptBuildPhase section */
		0BDEF8DA5CB3216852BD0751 /* [CP] Embed Pods Frameworks */ = {
			isa = PBXShellScriptBuildPhase;
			buildActionMask = 2147483647;
			files = (
			);
			inputFileListPaths = (
				"${PODS_ROOT}/Target Support Files/Pods-Instagram/Pods-Instagram-frameworks-${CONFIGURATION}-input-files.xcfilelist",
			);
			name = "[CP] Embed Pods Frameworks";
			outputFileListPaths = (
				"${PODS_ROOT}/Target Support Files/Pods-Instagram/Pods-Instagram-frameworks-${CONFIGURATION}-output-files.xcfilelist",
			);
			runOnlyForDeploymentPostprocessing = 0;
			shellPath = /bin/sh;
			shellScript = "\"${PODS_ROOT}/Target Support Files/Pods-Instagram/Pods-Instagram-frameworks.sh\"\n";
			showEnvVarsInLog = 0;
		};
		1D54D5F787FF9824E9964627 /* [CP] Check Pods Manifest.lock */ = {
			isa = PBXShellScriptBuildPhase;
			buildActionMask = 2147483647;
			files = (
			);
			inputFileListPaths = (
			);
			inputPaths = (
				"${PODS_PODFILE_DIR_PATH}/Podfile.lock",
				"${PODS_ROOT}/Manifest.lock",
			);
			name = "[CP] Check Pods Manifest.lock";
			outputFileListPaths = (
			);
			outputPaths = (
				"$(DERIVED_FILE_DIR)/Pods-InstagramTests-checkManifestLockResult.txt",
			);
			runOnlyForDeploymentPostprocessing = 0;
			shellPath = /bin/sh;
			shellScript = "diff \"${PODS_PODFILE_DIR_PATH}/Podfile.lock\" \"${PODS_ROOT}/Manifest.lock\" > /dev/null\nif [ $? != 0 ] ; then\n    # print error to STDERR\n    echo \"error: The sandbox is not in sync with the Podfile.lock. Run 'pod install' or update your CocoaPods installation.\" >&2\n    exit 1\nfi\n# This output is used by Xcode 'outputs' to avoid re-running this script phase.\necho \"SUCCESS\" > \"${SCRIPT_OUTPUT_FILE_0}\"\n";
			showEnvVarsInLog = 0;
		};
		22E1B6AEC203829D9C376855 /* [CP] Check Pods Manifest.lock */ = {
			isa = PBXShellScriptBuildPhase;
			buildActionMask = 2147483647;
			files = (
			);
			inputFileListPaths = (
			);
			inputPaths = (
				"${PODS_PODFILE_DIR_PATH}/Podfile.lock",
				"${PODS_ROOT}/Manifest.lock",
			);
			name = "[CP] Check Pods Manifest.lock";
			outputFileListPaths = (
			);
			outputPaths = (
				"$(DERIVED_FILE_DIR)/Pods-Instagram-checkManifestLockResult.txt",
			);
			runOnlyForDeploymentPostprocessing = 0;
			shellPath = /bin/sh;
			shellScript = "diff \"${PODS_PODFILE_DIR_PATH}/Podfile.lock\" \"${PODS_ROOT}/Manifest.lock\" > /dev/null\nif [ $? != 0 ] ; then\n    # print error to STDERR\n    echo \"error: The sandbox is not in sync with the Podfile.lock. Run 'pod install' or update your CocoaPods installation.\" >&2\n    exit 1\nfi\n# This output is used by Xcode 'outputs' to avoid re-running this script phase.\necho \"SUCCESS\" > \"${SCRIPT_OUTPUT_FILE_0}\"\n";
			showEnvVarsInLog = 0;
		};
		DBF39AE93005A541131FA8FF /* [CP] Embed Pods Frameworks */ = {
			isa = PBXShellScriptBuildPhase;
			buildActionMask = 2147483647;
			files = (
			);
			inputFileListPaths = (
				"${PODS_ROOT}/Target Support Files/Pods-Instagram-InstagramUITests/Pods-Instagram-InstagramUITests-frameworks-${CONFIGURATION}-input-files.xcfilelist",
			);
			name = "[CP] Embed Pods Frameworks";
			outputFileListPaths = (
				"${PODS_ROOT}/Target Support Files/Pods-Instagram-InstagramUITests/Pods-Instagram-InstagramUITests-frameworks-${CONFIGURATION}-output-files.xcfilelist",
			);
			runOnlyForDeploymentPostprocessing = 0;
			shellPath = /bin/sh;
			shellScript = "\"${PODS_ROOT}/Target Support Files/Pods-Instagram-InstagramUITests/Pods-Instagram-InstagramUITests-frameworks.sh\"\n";
			showEnvVarsInLog = 0;
		};
		F737375A10EE71AC1049474E /* [CP] Check Pods Manifest.lock */ = {
			isa = PBXShellScriptBuildPhase;
			buildActionMask = 2147483647;
			files = (
			);
			inputFileListPaths = (
			);
			inputPaths = (
				"${PODS_PODFILE_DIR_PATH}/Podfile.lock",
				"${PODS_ROOT}/Manifest.lock",
			);
			name = "[CP] Check Pods Manifest.lock";
			outputFileListPaths = (
			);
			outputPaths = (
				"$(DERIVED_FILE_DIR)/Pods-Instagram-InstagramUITests-checkManifestLockResult.txt",
			);
			runOnlyForDeploymentPostprocessing = 0;
			shellPath = /bin/sh;
			shellScript = "diff \"${PODS_PODFILE_DIR_PATH}/Podfile.lock\" \"${PODS_ROOT}/Manifest.lock\" > /dev/null\nif [ $? != 0 ] ; then\n    # print error to STDERR\n    echo \"error: The sandbox is not in sync with the Podfile.lock. Run 'pod install' or update your CocoaPods installation.\" >&2\n    exit 1\nfi\n# This output is used by Xcode 'outputs' to avoid re-running this script phase.\necho \"SUCCESS\" > \"${SCRIPT_OUTPUT_FILE_0}\"\n";
			showEnvVarsInLog = 0;
		};
/* End PBXShellScriptBuildPhase section */

/* Begin PBXSourcesBuildPhase section */
		CF0D8D1428F53646006E5E9E /* Sources */ = {
			isa = PBXSourcesBuildPhase;
			buildActionMask = 2147483647;
			files = (
				CFB9C23428F76172001C15F5 /* LoginViewController.swift in Sources */,
				CFB9C23828F7D759001C15F5 /* CameraViewController.swift in Sources */,
				CF0D8D1C28F53646006E5E9E /* AppDelegate.swift in Sources */,
				CFB9C23628F7618E001C15F5 /* FeedViewController.swift in Sources */,
				CF0D8D1E28F53646006E5E9E /* SceneDelegate.swift in Sources */,
				CFB9C23A28F7F3CC001C15F5 /* PostCell.swift in Sources */,
				CF3839EB28FE69A50097FA7B /* CommentCell.swift in Sources */,
			);
			runOnlyForDeploymentPostprocessing = 0;
		};
		CF0D8D2A28F53647006E5E9E /* Sources */ = {
			isa = PBXSourcesBuildPhase;
			buildActionMask = 2147483647;
			files = (
				CF0D8D3328F53647006E5E9E /* InstagramTests.swift in Sources */,
			);
			runOnlyForDeploymentPostprocessing = 0;
		};
		CF0D8D3428F53647006E5E9E /* Sources */ = {
			isa = PBXSourcesBuildPhase;
			buildActionMask = 2147483647;
			files = (
				CF0D8D3D28F53647006E5E9E /* InstagramUITests.swift in Sources */,
				CF0D8D3F28F53647006E5E9E /* InstagramUITestsLaunchTests.swift in Sources */,
			);
			runOnlyForDeploymentPostprocessing = 0;
		};
/* End PBXSourcesBuildPhase section */

/* Begin PBXTargetDependency section */
		CF0D8D3028F53647006E5E9E /* PBXTargetDependency */ = {
			isa = PBXTargetDependency;
			target = CF0D8D1728F53646006E5E9E /* Instagram */;
			targetProxy = CF0D8D2F28F53647006E5E9E /* PBXContainerItemProxy */;
		};
		CF0D8D3A28F53647006E5E9E /* PBXTargetDependency */ = {
			isa = PBXTargetDependency;
			target = CF0D8D1728F53646006E5E9E /* Instagram */;
			targetProxy = CF0D8D3928F53647006E5E9E /* PBXContainerItemProxy */;
		};
/* End PBXTargetDependency section */

/* Begin PBXVariantGroup section */
		CF0D8D2128F53646006E5E9E /* Main.storyboard */ = {
			isa = PBXVariantGroup;
			children = (
				CF0D8D2228F53646006E5E9E /* Base */,
			);
			name = Main.storyboard;
			sourceTree = "<group>";
		};
		CF0D8D2628F53646006E5E9E /* LaunchScreen.storyboard */ = {
			isa = PBXVariantGroup;
			children = (
				CF0D8D2728F53646006E5E9E /* Base */,
			);
			name = LaunchScreen.storyboard;
			sourceTree = "<group>";
		};
/* End PBXVariantGroup section */

/* Begin XCBuildConfiguration section */
		CF0D8D4028F53647006E5E9E /* Debug */ = {
			isa = XCBuildConfiguration;
			buildSettings = {
				ALWAYS_SEARCH_USER_PATHS = NO;
				CLANG_ANALYZER_NONNULL = YES;
				CLANG_ANALYZER_NUMBER_OBJECT_CONVERSION = YES_AGGRESSIVE;
				CLANG_CXX_LANGUAGE_STANDARD = "gnu++20";
				CLANG_ENABLE_MODULES = YES;
				CLANG_ENABLE_OBJC_ARC = YES;
				CLANG_ENABLE_OBJC_WEAK = YES;
				CLANG_WARN_BLOCK_CAPTURE_AUTORELEASING = YES;
				CLANG_WARN_BOOL_CONVERSION = YES;
				CLANG_WARN_COMMA = YES;
				CLANG_WARN_CONSTANT_CONVERSION = YES;
				CLANG_WARN_DEPRECATED_OBJC_IMPLEMENTATIONS = YES;
				CLANG_WARN_DIRECT_OBJC_ISA_USAGE = YES_ERROR;
				CLANG_WARN_DOCUMENTATION_COMMENTS = YES;
				CLANG_WARN_EMPTY_BODY = YES;
				CLANG_WARN_ENUM_CONVERSION = YES;
				CLANG_WARN_INFINITE_RECURSION = YES;
				CLANG_WARN_INT_CONVERSION = YES;
				CLANG_WARN_NON_LITERAL_NULL_CONVERSION = YES;
				CLANG_WARN_OBJC_IMPLICIT_RETAIN_SELF = YES;
				CLANG_WARN_OBJC_LITERAL_CONVERSION = YES;
				CLANG_WARN_OBJC_ROOT_CLASS = YES_ERROR;
				CLANG_WARN_QUOTED_INCLUDE_IN_FRAMEWORK_HEADER = YES;
				CLANG_WARN_RANGE_LOOP_ANALYSIS = YES;
				CLANG_WARN_STRICT_PROTOTYPES = YES;
				CLANG_WARN_SUSPICIOUS_MOVE = YES;
				CLANG_WARN_UNGUARDED_AVAILABILITY = YES_AGGRESSIVE;
				CLANG_WARN_UNREACHABLE_CODE = YES;
				CLANG_WARN__DUPLICATE_METHOD_MATCH = YES;
				COPY_PHASE_STRIP = NO;
				DEBUG_INFORMATION_FORMAT = dwarf;
				ENABLE_STRICT_OBJC_MSGSEND = YES;
				ENABLE_TESTABILITY = YES;
				GCC_C_LANGUAGE_STANDARD = gnu11;
				GCC_DYNAMIC_NO_PIC = NO;
				GCC_NO_COMMON_BLOCKS = YES;
				GCC_OPTIMIZATION_LEVEL = 0;
				GCC_PREPROCESSOR_DEFINITIONS = (
					"DEBUG=1",
					"$(inherited)",
				);
				GCC_WARN_64_TO_32_BIT_CONVERSION = YES;
				GCC_WARN_ABOUT_RETURN_TYPE = YES_ERROR;
				GCC_WARN_UNDECLARED_SELECTOR = YES;
				GCC_WARN_UNINITIALIZED_AUTOS = YES_AGGRESSIVE;
				GCC_WARN_UNUSED_FUNCTION = YES;
				GCC_WARN_UNUSED_VARIABLE = YES;
				IPHONEOS_DEPLOYMENT_TARGET = 13.0;
				MTL_ENABLE_DEBUG_INFO = INCLUDE_SOURCE;
				MTL_FAST_MATH = YES;
				ONLY_ACTIVE_ARCH = YES;
				SDKROOT = iphoneos;
				SWIFT_ACTIVE_COMPILATION_CONDITIONS = DEBUG;
				SWIFT_OPTIMIZATION_LEVEL = "-Onone";
			};
			name = Debug;
		};
		CF0D8D4128F53647006E5E9E /* Release */ = {
			isa = XCBuildConfiguration;
			buildSettings = {
				ALWAYS_SEARCH_USER_PATHS = NO;
				CLANG_ANALYZER_NONNULL = YES;
				CLANG_ANALYZER_NUMBER_OBJECT_CONVERSION = YES_AGGRESSIVE;
				CLANG_CXX_LANGUAGE_STANDARD = "gnu++20";
				CLANG_ENABLE_MODULES = YES;
				CLANG_ENABLE_OBJC_ARC = YES;
				CLANG_ENABLE_OBJC_WEAK = YES;
				CLANG_WARN_BLOCK_CAPTURE_AUTORELEASING = YES;
				CLANG_WARN_BOOL_CONVERSION = YES;
				CLANG_WARN_COMMA = YES;
				CLANG_WARN_CONSTANT_CONVERSION = YES;
				CLANG_WARN_DEPRECATED_OBJC_IMPLEMENTATIONS = YES;
				CLANG_WARN_DIRECT_OBJC_ISA_USAGE = YES_ERROR;
				CLANG_WARN_DOCUMENTATION_COMMENTS = YES;
				CLANG_WARN_EMPTY_BODY = YES;
				CLANG_WARN_ENUM_CONVERSION = YES;
				CLANG_WARN_INFINITE_RECURSION = YES;
				CLANG_WARN_INT_CONVERSION = YES;
				CLANG_WARN_NON_LITERAL_NULL_CONVERSION = YES;
				CLANG_WARN_OBJC_IMPLICIT_RETAIN_SELF = YES;
				CLANG_WARN_OBJC_LITERAL_CONVERSION = YES;
				CLANG_WARN_OBJC_ROOT_CLASS = YES_ERROR;
				CLANG_WARN_QUOTED_INCLUDE_IN_FRAMEWORK_HEADER = YES;
				CLANG_WARN_RANGE_LOOP_ANALYSIS = YES;
				CLANG_WARN_STRICT_PROTOTYPES = YES;
				CLANG_WARN_SUSPICIOUS_MOVE = YES;
				CLANG_WARN_UNGUARDED_AVAILABILITY = YES_AGGRESSIVE;
				CLANG_WARN_UNREACHABLE_CODE = YES;
				CLANG_WARN__DUPLICATE_METHOD_MATCH = YES;
				COPY_PHASE_STRIP = NO;
				DEBUG_INFORMATION_FORMAT = "dwarf-with-dsym";
				ENABLE_NS_ASSERTIONS = NO;
				ENABLE_STRICT_OBJC_MSGSEND = YES;
				GCC_C_LANGUAGE_STANDARD = gnu11;
				GCC_NO_COMMON_BLOCKS = YES;
				GCC_WARN_64_TO_32_BIT_CONVERSION = YES;
				GCC_WARN_ABOUT_RETURN_TYPE = YES_ERROR;
				GCC_WARN_UNDECLARED_SELECTOR = YES;
				GCC_WARN_UNINITIALIZED_AUTOS = YES_AGGRESSIVE;
				GCC_WARN_UNUSED_FUNCTION = YES;
				GCC_WARN_UNUSED_VARIABLE = YES;
				IPHONEOS_DEPLOYMENT_TARGET = 13.0;
				MTL_ENABLE_DEBUG_INFO = NO;
				MTL_FAST_MATH = YES;
				SDKROOT = iphoneos;
				SWIFT_COMPILATION_MODE = wholemodule;
				SWIFT_OPTIMIZATION_LEVEL = "-O";
				VALIDATE_PRODUCT = YES;
			};
			name = Release;
		};
		CF0D8D4328F53647006E5E9E /* Debug */ = {
			isa = XCBuildConfiguration;
			baseConfigurationReference = C12CA3A0DD6222446A8B9DA9 /* Pods-Instagram.debug.xcconfig */;
			buildSettings = {
				ASSETCATALOG_COMPILER_APPICON_NAME = AppIcon;
				ASSETCATALOG_COMPILER_GLOBAL_ACCENT_COLOR_NAME = AccentColor;
				CODE_SIGN_STYLE = Automatic;
				CURRENT_PROJECT_VERSION = 1;
				DEVELOPMENT_TEAM = 9C8A8B2ANK;
				GENERATE_INFOPLIST_FILE = YES;
				INFOPLIST_FILE = Instagram/Info.plist;
				INFOPLIST_KEY_UIApplicationSupportsIndirectInputEvents = YES;
				INFOPLIST_KEY_UILaunchStoryboardName = LaunchScreen;
				INFOPLIST_KEY_UIMainStoryboardFile = Main;
				INFOPLIST_KEY_UISupportedInterfaceOrientations_iPad = "UIInterfaceOrientationPortrait UIInterfaceOrientationPortraitUpsideDown UIInterfaceOrientationLandscapeLeft UIInterfaceOrientationLandscapeRight";
				INFOPLIST_KEY_UISupportedInterfaceOrientations_iPhone = "UIInterfaceOrientationPortrait UIInterfaceOrientationLandscapeLeft UIInterfaceOrientationLandscapeRight";
				IPHONEOS_DEPLOYMENT_TARGET = 13.0;
				LD_RUNPATH_SEARCH_PATHS = (
					"$(inherited)",
					"@executable_path/Frameworks",
				);
				MARKETING_VERSION = 1.0;
				PRODUCT_BUNDLE_IDENTIFIER = com.codepath.Instagram8;
				PRODUCT_NAME = "$(TARGET_NAME)";
				SWIFT_EMIT_LOC_STRINGS = YES;
				SWIFT_VERSION = 5.0;
				TARGETED_DEVICE_FAMILY = "1,2";
			};
			name = Debug;
		};
		CF0D8D4428F53647006E5E9E /* Release */ = {
			isa = XCBuildConfiguration;
			baseConfigurationReference = A96B392808682CB217C7D536 /* Pods-Instagram.release.xcconfig */;
			buildSettings = {
				ASSETCATALOG_COMPILER_APPICON_NAME = AppIcon;
				ASSETCATALOG_COMPILER_GLOBAL_ACCENT_COLOR_NAME = AccentColor;
				CODE_SIGN_STYLE = Automatic;
				CURRENT_PROJECT_VERSION = 1;
				DEVELOPMENT_TEAM = 9C8A8B2ANK;
				GENERATE_INFOPLIST_FILE = YES;
				INFOPLIST_FILE = Instagram/Info.plist;
				INFOPLIST_KEY_UIApplicationSupportsIndirectInputEvents = YES;
				INFOPLIST_KEY_UILaunchStoryboardName = LaunchScreen;
				INFOPLIST_KEY_UIMainStoryboardFile = Main;
				INFOPLIST_KEY_UISupportedInterfaceOrientations_iPad = "UIInterfaceOrientationPortrait UIInterfaceOrientationPortraitUpsideDown UIInterfaceOrientationLandscapeLeft UIInterfaceOrientationLandscapeRight";
				INFOPLIST_KEY_UISupportedInterfaceOrientations_iPhone = "UIInterfaceOrientationPortrait UIInterfaceOrientationLandscapeLeft UIInterfaceOrientationLandscapeRight";
				IPHONEOS_DEPLOYMENT_TARGET = 13.0;
				LD_RUNPATH_SEARCH_PATHS = (
					"$(inherited)",
					"@executable_path/Frameworks",
				);
				MARKETING_VERSION = 1.0;
				PRODUCT_BUNDLE_IDENTIFIER = com.codepath.Instagram8;
				PRODUCT_NAME = "$(TARGET_NAME)";
				SWIFT_EMIT_LOC_STRINGS = YES;
				SWIFT_VERSION = 5.0;
				TARGETED_DEVICE_FAMILY = "1,2";
			};
			name = Release;
		};
		CF0D8D4628F53647006E5E9E /* Debug */ = {
			isa = XCBuildConfiguration;
			baseConfigurationReference = B3DFB1CFD4BFBECB2AF0EF0F /* Pods-InstagramTests.debug.xcconfig */;
			buildSettings = {
				ALWAYS_EMBED_SWIFT_STANDARD_LIBRARIES = YES;
				BUNDLE_LOADER = "$(TEST_HOST)";
				CODE_SIGN_STYLE = Automatic;
				CURRENT_PROJECT_VERSION = 1;
				DEVELOPMENT_TEAM = 9C8A8B2ANK;
				GENERATE_INFOPLIST_FILE = YES;
				IPHONEOS_DEPLOYMENT_TARGET = 16.0;
				MARKETING_VERSION = 1.0;
				PRODUCT_BUNDLE_IDENTIFIER = com.codepath.InstagramTests;
				PRODUCT_NAME = "$(TARGET_NAME)";
				SWIFT_EMIT_LOC_STRINGS = NO;
				SWIFT_VERSION = 5.0;
				TARGETED_DEVICE_FAMILY = "1,2";
				TEST_HOST = "$(BUILT_PRODUCTS_DIR)/Instagram.app/$(BUNDLE_EXECUTABLE_FOLDER_PATH)/Instagram";
			};
			name = Debug;
		};
		CF0D8D4728F53647006E5E9E /* Release */ = {
			isa = XCBuildConfiguration;
			baseConfigurationReference = 3EB95CEDFD261354B5CC6B39 /* Pods-InstagramTests.release.xcconfig */;
			buildSettings = {
				ALWAYS_EMBED_SWIFT_STANDARD_LIBRARIES = YES;
				BUNDLE_LOADER = "$(TEST_HOST)";
				CODE_SIGN_STYLE = Automatic;
				CURRENT_PROJECT_VERSION = 1;
				DEVELOPMENT_TEAM = 9C8A8B2ANK;
				GENERATE_INFOPLIST_FILE = YES;
				IPHONEOS_DEPLOYMENT_TARGET = 16.0;
				MARKETING_VERSION = 1.0;
				PRODUCT_BUNDLE_IDENTIFIER = com.codepath.InstagramTests;
				PRODUCT_NAME = "$(TARGET_NAME)";
				SWIFT_EMIT_LOC_STRINGS = NO;
				SWIFT_VERSION = 5.0;
				TARGETED_DEVICE_FAMILY = "1,2";
				TEST_HOST = "$(BUILT_PRODUCTS_DIR)/Instagram.app/$(BUNDLE_EXECUTABLE_FOLDER_PATH)/Instagram";
			};
			name = Release;
		};
		CF0D8D4928F53647006E5E9E /* Debug */ = {
			isa = XCBuildConfiguration;
			baseConfigurationReference = 633936DAEC13FD0762B31E76 /* Pods-Instagram-InstagramUITests.debug.xcconfig */;
			buildSettings = {
				ALWAYS_EMBED_SWIFT_STANDARD_LIBRARIES = YES;
				CODE_SIGN_STYLE = Automatic;
				CURRENT_PROJECT_VERSION = 1;
				DEVELOPMENT_TEAM = 9C8A8B2ANK;
				GENERATE_INFOPLIST_FILE = YES;
				MARKETING_VERSION = 1.0;
				PRODUCT_BUNDLE_IDENTIFIER = com.codepath.InstagramUITests;
				PRODUCT_NAME = "$(TARGET_NAME)";
				SWIFT_EMIT_LOC_STRINGS = NO;
				SWIFT_VERSION = 5.0;
				TARGETED_DEVICE_FAMILY = "1,2";
				TEST_TARGET_NAME = Instagram;
			};
			name = Debug;
		};
		CF0D8D4A28F53647006E5E9E /* Release */ = {
			isa = XCBuildConfiguration;
			baseConfigurationReference = 5AEADF29B25AF64A6717D5D6 /* Pods-Instagram-InstagramUITests.release.xcconfig */;
			buildSettings = {
				ALWAYS_EMBED_SWIFT_STANDARD_LIBRARIES = YES;
				CODE_SIGN_STYLE = Automatic;
				CURRENT_PROJECT_VERSION = 1;
				DEVELOPMENT_TEAM = 9C8A8B2ANK;
				GENERATE_INFOPLIST_FILE = YES;
				MARKETING_VERSION = 1.0;
				PRODUCT_BUNDLE_IDENTIFIER = com.codepath.InstagramUITests;
				PRODUCT_NAME = "$(TARGET_NAME)";
				SWIFT_EMIT_LOC_STRINGS = NO;
				SWIFT_VERSION = 5.0;
				TARGETED_DEVICE_FAMILY = "1,2";
				TEST_TARGET_NAME = Instagram;
			};
			name = Release;
		};
/* End XCBuildConfiguration section */

/* Begin XCConfigurationList section */
		CF0D8D1328F53646006E5E9E /* Build configuration list for PBXProject "Instagram" */ = {
			isa = XCConfigurationList;
			buildConfigurations = (
				CF0D8D4028F53647006E5E9E /* Debug */,
				CF0D8D4128F53647006E5E9E /* Release */,
			);
			defaultConfigurationIsVisible = 0;
			defaultConfigurationName = Release;
		};
		CF0D8D4228F53647006E5E9E /* Build configuration list for PBXNativeTarget "Instagram" */ = {
			isa = XCConfigurationList;
			buildConfigurations = (
				CF0D8D4328F53647006E5E9E /* Debug */,
				CF0D8D4428F53647006E5E9E /* Release */,
			);
			defaultConfigurationIsVisible = 0;
			defaultConfigurationName = Release;
		};
		CF0D8D4528F53647006E5E9E /* Build configuration list for PBXNativeTarget "InstagramTests" */ = {
			isa = XCConfigurationList;
			buildConfigurations = (
				CF0D8D4628F53647006E5E9E /* Debug */,
				CF0D8D4728F53647006E5E9E /* Release */,
			);
			defaultConfigurationIsVisible = 0;
			defaultConfigurationName = Release;
		};
		CF0D8D4828F53647006E5E9E /* Build configuration list for PBXNativeTarget "InstagramUITests" */ = {
			isa = XCConfigurationList;
			buildConfigurations = (
				CF0D8D4928F53647006E5E9E /* Debug */,
				CF0D8D4A28F53647006E5E9E /* Release */,
			);
			defaultConfigurationIsVisible = 0;
			defaultConfigurationName = Release;
		};
/* End XCConfigurationList section */

/* Begin XCRemoteSwiftPackageReference section */
		CF55BAA928FE7D32009E8A64 /* XCRemoteSwiftPackageReference "AlamofireImage" */ = {
			isa = XCRemoteSwiftPackageReference;
			repositoryURL = "https://github.com/Alamofire/AlamofireImage";
			requirement = {
				branch = master;
				kind = branch;
			};
		};
/* End XCRemoteSwiftPackageReference section */

/* Begin XCSwiftPackageProductDependency section */
		CF55BAAA28FE7D32009E8A64 /* AlamofireImage */ = {
			isa = XCSwiftPackageProductDependency;
			package = CF55BAA928FE7D32009E8A64 /* XCRemoteSwiftPackageReference "AlamofireImage" */;
			productName = AlamofireImage;
		};
/* End XCSwiftPackageProductDependency section */
	};
	rootObject = CF0D8D1028F53646006E5E9E /* Project object */;
}
